{
  "name": "@uprise/modal",
  "version": "1.0.1",
  "lockfileVersion": 1,
  "requires": true,
  "dependencies": {
    "@uprise/icons": {
      "version": "1.0.1",
      "resolved": "https://registry.npmjs.org/@uprise/icons/-/icons-1.0.1.tgz",
      "integrity": "sha512-9EJLS0ymKpq7zUtfYWEl3fHJpfVSrI6kSaT4LW0iZlWGJx2oWH6eg02B049b8bgEhjy6YelRsz5KBMbLjBteiQ=="
    }
  }
}
