{
  "name": "@uprise/alert",
  "version": "1.1.4",
  "lockfileVersion": 1,
  "requires": true,
  "dependencies": {
    "@uprise/colors": {
      "version": "1.0.0",
      "resolved": "https://registry.npmjs.org/@uprise/colors/-/colors-1.0.0.tgz",
      "integrity": "sha512-fZRhkzqZXgFPLqVAVXWlRSkzxYI+wE/Eb1Qxg/6AmU/IDw8Ndp1u4R80rMJftiHiyWr4nTBfLJ/JHEwl7pBkog=="
    }
  }
}
