{
  "name": "@uprise/list",
  "version": "1.0.1",
  "lockfileVersion": 1,
  "requires": true,
  "dependencies": {
    "@uprise/colors": {
      "version": "1.0.0",
      "resolved": "https://registry.npmjs.org/@uprise/colors/-/colors-1.0.0.tgz",
      "integrity": "sha512-fZRhkzqZXgFPLqVAVXWlRSkzxYI+wE/Eb1Qxg/6AmU/IDw8Ndp1u4R80rMJftiHiyWr4nTBfLJ/JHEwl7pBkog=="
    },
    "@uprise/spacing": {
      "version": "1.0.0",
      "resolved": "https://registry.npmjs.org/@uprise/spacing/-/spacing-1.0.0.tgz",
      "integrity": "sha512-aI9I0beXlm9XraYMA8AaipOcnKtScl3UoX3UT5nLESCJ743oiTb4ESlzOvpsLvdqvfj4rDruBslZmvQ19fAcEA=="
    }
  }
}
